// !$*UTF8*$!
{
	archiveVersion = 1;
	classes = {
	};
	objectVersion = 56;
	objects = {

/* Begin PBXBuildFile section */
		CE1D968128F9E3D7006AC6D2 /* Zip in Frameworks */ = {isa = PBXBuildFile; productRef = CE1D968028F9E3D7006AC6D2 /* Zip */; };
		CE1D968428F9E781006AC6D2 /* SWCompression in Frameworks */ = {isa = PBXBuildFile; productRef = CE1D968328F9E781006AC6D2 /* SWCompression */; };
		CE1D968B28FA045B006AC6D2 /* DebToIPA.swift in Sources */ = {isa = PBXBuildFile; fileRef = CE1D968A28FA045B006AC6D2 /* DebToIPA.swift */; };
		CE3EEFC528FB23FD00096E1D /* DebToIPAView.swift in Sources */ = {isa = PBXBuildFile; fileRef = CE3EEFC428FB23FD00096E1D /* DebToIPAView.swift */; };
		CE66018B28F83F33000EC344 /* DebToIPAApp.swift in Sources */ = {isa = PBXBuildFile; fileRef = CE66018A28F83F33000EC344 /* DebToIPAApp.swift */; };
		CE66018F28F83F34000EC344 /* Assets.xcassets in Resources */ = {isa = PBXBuildFile; fileRef = CE66018E28F83F34000EC344 /* Assets.xcassets */; };
		CE66019228F83F34000EC344 /* Preview Assets.xcassets in Resources */ = {isa = PBXBuildFile; fileRef = CE66019128F83F34000EC344 /* Preview Assets.xcassets */; };
		CE66019A28F85705000EC344 /* ArArchiveKit in Frameworks */ = {isa = PBXBuildFile; productRef = CE66019928F85705000EC344 /* ArArchiveKit */; };
/* End PBXBuildFile section */

/* Begin PBXFileReference section */
		CE1D968A28FA045B006AC6D2 /* DebToIPA.swift */ = {isa = PBXFileReference; lastKnownFileType = sourcecode.swift; path = DebToIPA.swift; sourceTree = "<group>"; };
		CE3EEFC428FB23FD00096E1D /* DebToIPAView.swift */ = {isa = PBXFileReference; lastKnownFileType = sourcecode.swift; path = DebToIPAView.swift; sourceTree = "<group>"; };
		CE66018728F83F33000EC344 /* DebToIPA.app */ = {isa = PBXFileReference; explicitFileType = wrapper.application; includeInIndex = 0; path = DebToIPA.app; sourceTree = BUILT_PRODUCTS_DIR; };
		CE66018A28F83F33000EC344 /* DebToIPAApp.swift */ = {isa = PBXFileReference; lastKnownFileType = sourcecode.swift; path = DebToIPAApp.swift; sourceTree = "<group>"; };
		CE66018E28F83F34000EC344 /* Assets.xcassets */ = {isa = PBXFileReference; lastKnownFileType = folder.assetcatalog; path = Assets.xcassets; sourceTree = "<group>"; };
		CE66019128F83F34000EC344 /* Preview Assets.xcassets */ = {isa = PBXFileReference; lastKnownFileType = folder.assetcatalog; path = "Preview Assets.xcassets"; sourceTree = "<group>"; };
		CEB681E628FB539E00E65A2B /* AppSupport.framework */ = {isa = PBXFileReference; lastKnownFileType = wrapper.framework; name = AppSupport.framework; path = ../../../theos/sdks/iPhoneOS14.5.sdk/System/Library/PrivateFrameworks/AppSupport.framework; sourceTree = "<group>"; };
		CEC141FF28FE024600596DC3 /* CoreServices.framework */ = {isa = PBXFileReference; lastKnownFileType = wrapper.framework; name = CoreServices.framework; path = System/Library/Frameworks/CoreServices.framework; sourceTree = SDKROOT; };
/* End PBXFileReference section */

/* Begin PBXFrameworksBuildPhase section */
		CE66018428F83F33000EC344 /* Frameworks */ = {
			isa = PBXFrameworksBuildPhase;
			buildActionMask = 2147483647;
			files = (
				CE1D968428F9E781006AC6D2 /* SWCompression in Frameworks */,
				CE66019A28F85705000EC344 /* ArArchiveKit in Frameworks */,
				CE1D968128F9E3D7006AC6D2 /* Zip in Frameworks */,
			);
			runOnlyForDeploymentPostprocessing = 0;
		};
/* End PBXFrameworksBuildPhase section */

/* Begin PBXGroup section */
		CE66017E28F83F33000EC344 = {
			isa = PBXGroup;
			children = (
				CE66018928F83F33000EC344 /* DebToIPA */,
				CE66018828F83F33000EC344 /* Products */,
				CE7B175B28F9D4E000B65A74 /* Frameworks */,
			);
			sourceTree = "<group>";
		};
		CE66018828F83F33000EC344 /* Products */ = {
			isa = PBXGroup;
			children = (
				CE66018728F83F33000EC344 /* DebToIPA.app */,
			);
			name = Products;
			sourceTree = "<group>";
		};
		CE66018928F83F33000EC344 /* DebToIPA */ = {
			isa = PBXGroup;
			children = (
				CE1D968A28FA045B006AC6D2 /* DebToIPA.swift */,
				CE3EEFC428FB23FD00096E1D /* DebToIPAView.swift */,
				CE66018A28F83F33000EC344 /* DebToIPAApp.swift */,
				CE66018E28F83F34000EC344 /* Assets.xcassets */,
				CE66019028F83F34000EC344 /* Preview Content */,
			);
			path = DebToIPA;
			sourceTree = "<group>";
		};
		CE66019028F83F34000EC344 /* Preview Content */ = {
			isa = PBXGroup;
			children = (
				CE66019128F83F34000EC344 /* Preview Assets.xcassets */,
			);
			path = "Preview Content";
			sourceTree = "<group>";
		};
		CE7B175B28F9D4E000B65A74 /* Frameworks */ = {
			isa = PBXGroup;
			children = (
				CEC141FF28FE024600596DC3 /* CoreServices.framework */,
				CEB681E628FB539E00E65A2B /* AppSupport.framework */,
			);
			name = Frameworks;
			sourceTree = "<group>";
		};
/* End PBXGroup section */

/* Begin PBXNativeTarget section */
		CE66018628F83F33000EC344 /* DebToIPA */ = {
			isa = PBXNativeTarget;
			buildConfigurationList = CE66019528F83F34000EC344 /* Build configuration list for PBXNativeTarget "DebToIPA" */;
			buildPhases = (
				CE66018328F83F33000EC344 /* Sources */,
				CE66018428F83F33000EC344 /* Frameworks */,
				CE66018528F83F33000EC344 /* Resources */,
			);
			buildRules = (
			);
			dependencies = (
			);
			name = DebToIPA;
			packageProductDependencies = (
				CE66019928F85705000EC344 /* ArArchiveKit */,
				CE1D968028F9E3D7006AC6D2 /* Zip */,
				CE1D968328F9E781006AC6D2 /* SWCompression */,
			);
			productName = "deb-to-ipa-app";
			productReference = CE66018728F83F33000EC344 /* DebToIPA.app */;
			productType = "com.apple.product-type.application";
		};
/* End PBXNativeTarget section */

/* Begin PBXProject section */
		CE66017F28F83F33000EC344 /* Project object */ = {
			isa = PBXProject;
			attributes = {
				BuildIndependentTargetsInParallel = 1;
				LastSwiftUpdateCheck = 1400;
				LastUpgradeCheck = 1400;
				TargetAttributes = {
					CE66018628F83F33000EC344 = {
						CreatedOnToolsVersion = 14.0;
						LastSwiftMigration = 1400;
					};
				};
			};
			buildConfigurationList = CE66018228F83F33000EC344 /* Build configuration list for PBXProject "DebToIPA" */;
			compatibilityVersion = "Xcode 14.0";
			developmentRegion = en;
			hasScannedForEncodings = 0;
			knownRegions = (
				en,
				Base,
			);
			mainGroup = CE66017E28F83F33000EC344;
			packageReferences = (
				CE66019828F85705000EC344 /* XCRemoteSwiftPackageReference "ArArchiveKit" */,
				CE6AEB4F28F8BD3F00FF43A9 /* XCRemoteSwiftPackageReference "Zip" */,
				CE1D968228F9E781006AC6D2 /* XCRemoteSwiftPackageReference "SWCompression" */,
			);
			productRefGroup = CE66018828F83F33000EC344 /* Products */;
			projectDirPath = "";
			projectRoot = "";
			targets = (
				CE66018628F83F33000EC344 /* DebToIPA */,
			);
		};
/* End PBXProject section */

/* Begin PBXResourcesBuildPhase section */
		CE66018528F83F33000EC344 /* Resources */ = {
			isa = PBXResourcesBuildPhase;
			buildActionMask = 2147483647;
			files = (
				CE66019228F83F34000EC344 /* Preview Assets.xcassets in Resources */,
				CE66018F28F83F34000EC344 /* Assets.xcassets in Resources */,
			);
			runOnlyForDeploymentPostprocessing = 0;
		};
/* End PBXResourcesBuildPhase section */

/* Begin PBXSourcesBuildPhase section */
		CE66018328F83F33000EC344 /* Sources */ = {
			isa = PBXSourcesBuildPhase;
			buildActionMask = 2147483647;
			files = (
				CE3EEFC528FB23FD00096E1D /* DebToIPAView.swift in Sources */,
				CE1D968B28FA045B006AC6D2 /* DebToIPA.swift in Sources */,
				CE66018B28F83F33000EC344 /* DebToIPAApp.swift in Sources */,
			);
			runOnlyForDeploymentPostprocessing = 0;
		};
/* End PBXSourcesBuildPhase section */

/* Begin XCBuildConfiguration section */
		CE66019328F83F34000EC344 /* Debug */ = {
			isa = XCBuildConfiguration;
			buildSettings = {
				ALWAYS_SEARCH_USER_PATHS = NO;
				CLANG_ANALYZER_NONNULL = YES;
				CLANG_ANALYZER_NUMBER_OBJECT_CONVERSION = YES_AGGRESSIVE;
				CLANG_CXX_LANGUAGE_STANDARD = "gnu++17";
				CLANG_ENABLE_MODULES = YES;
				CLANG_ENABLE_OBJC_ARC = YES;
				CLANG_ENABLE_OBJC_WEAK = YES;
				CLANG_WARN_BLOCK_CAPTURE_AUTORELEASING = YES;
				CLANG_WARN_BOOL_CONVERSION = YES;
				CLANG_WARN_COMMA = YES;
				CLANG_WARN_CONSTANT_CONVERSION = YES;
				CLANG_WARN_DEPRECATED_OBJC_IMPLEMENTATIONS = YES;
				CLANG_WARN_DIRECT_OBJC_ISA_USAGE = YES_ERROR;
				CLANG_WARN_DOCUMENTATION_COMMENTS = YES;
				CLANG_WARN_EMPTY_BODY = YES;
				CLANG_WARN_ENUM_CONVERSION = YES;
				CLANG_WARN_INFINITE_RECURSION = YES;
				CLANG_WARN_INT_CONVERSION = YES;
				CLANG_WARN_NON_LITERAL_NULL_CONVERSION = YES;
				CLANG_WARN_OBJC_IMPLICIT_RETAIN_SELF = YES;
				CLANG_WARN_OBJC_LITERAL_CONVERSION = YES;
				CLANG_WARN_OBJC_ROOT_CLASS = YES_ERROR;
				CLANG_WARN_QUOTED_INCLUDE_IN_FRAMEWORK_HEADER = YES;
				CLANG_WARN_RANGE_LOOP_ANALYSIS = YES;
				CLANG_WARN_STRICT_PROTOTYPES = YES;
				CLANG_WARN_SUSPICIOUS_MOVE = YES;
				CLANG_WARN_UNGUARDED_AVAILABILITY = YES_AGGRESSIVE;
				CLANG_WARN_UNREACHABLE_CODE = YES;
				CLANG_WARN__DUPLICATE_METHOD_MATCH = YES;
				COPY_PHASE_STRIP = NO;
				DEBUG_INFORMATION_FORMAT = dwarf;
				ENABLE_STRICT_OBJC_MSGSEND = YES;
				ENABLE_TESTABILITY = YES;
				GCC_C_LANGUAGE_STANDARD = gnu11;
				GCC_DYNAMIC_NO_PIC = NO;
				GCC_NO_COMMON_BLOCKS = YES;
				GCC_OPTIMIZATION_LEVEL = 0;
				GCC_PREPROCESSOR_DEFINITIONS = (
					"DEBUG=1",
					"$(inherited)",
				);
				GCC_WARN_64_TO_32_BIT_CONVERSION = YES;
				GCC_WARN_ABOUT_RETURN_TYPE = YES_ERROR;
				GCC_WARN_UNDECLARED_SELECTOR = YES;
				GCC_WARN_UNINITIALIZED_AUTOS = YES_AGGRESSIVE;
				GCC_WARN_UNUSED_FUNCTION = YES;
				GCC_WARN_UNUSED_VARIABLE = YES;
				IPHONEOS_DEPLOYMENT_TARGET = 15.0;
				MTL_ENABLE_DEBUG_INFO = INCLUDE_SOURCE;
				MTL_FAST_MATH = YES;
				ONLY_ACTIVE_ARCH = YES;
				SDKROOT = iphoneos;
				SWIFT_ACTIVE_COMPILATION_CONDITIONS = DEBUG;
				SWIFT_OPTIMIZATION_LEVEL = "-Onone";
			};
			name = Debug;
		};
		CE66019428F83F34000EC344 /* Release */ = {
			isa = XCBuildConfiguration;
			buildSettings = {
				ALWAYS_SEARCH_USER_PATHS = NO;
				CLANG_ANALYZER_NONNULL = YES;
				CLANG_ANALYZER_NUMBER_OBJECT_CONVERSION = YES_AGGRESSIVE;
				CLANG_CXX_LANGUAGE_STANDARD = "gnu++17";
				CLANG_ENABLE_MODULES = YES;
				CLANG_ENABLE_OBJC_ARC = YES;
				CLANG_ENABLE_OBJC_WEAK = YES;
				CLANG_WARN_BLOCK_CAPTURE_AUTORELEASING = YES;
				CLANG_WARN_BOOL_CONVERSION = YES;
				CLANG_WARN_COMMA = YES;
				CLANG_WARN_CONSTANT_CONVERSION = YES;
				CLANG_WARN_DEPRECATED_OBJC_IMPLEMENTATIONS = YES;
				CLANG_WARN_DIRECT_OBJC_ISA_USAGE = YES_ERROR;
				CLANG_WARN_DOCUMENTATION_COMMENTS = YES;
				CLANG_WARN_EMPTY_BODY = YES;
				CLANG_WARN_ENUM_CONVERSION = YES;
				CLANG_WARN_INFINITE_RECURSION = YES;
				CLANG_WARN_INT_CONVERSION = YES;
				CLANG_WARN_NON_LITERAL_NULL_CONVERSION = YES;
				CLANG_WARN_OBJC_IMPLICIT_RETAIN_SELF = YES;
				CLANG_WARN_OBJC_LITERAL_CONVERSION = YES;
				CLANG_WARN_OBJC_ROOT_CLASS = YES_ERROR;
				CLANG_WARN_QUOTED_INCLUDE_IN_FRAMEWORK_HEADER = YES;
				CLANG_WARN_RANGE_LOOP_ANALYSIS = YES;
				CLANG_WARN_STRICT_PROTOTYPES = YES;
				CLANG_WARN_SUSPICIOUS_MOVE = YES;
				CLANG_WARN_UNGUARDED_AVAILABILITY = YES_AGGRESSIVE;
				CLANG_WARN_UNREACHABLE_CODE = YES;
				CLANG_WARN__DUPLICATE_METHOD_MATCH = YES;
				COPY_PHASE_STRIP = NO;
				DEBUG_INFORMATION_FORMAT = "dwarf-with-dsym";
				ENABLE_NS_ASSERTIONS = NO;
				ENABLE_STRICT_OBJC_MSGSEND = YES;
				GCC_C_LANGUAGE_STANDARD = gnu11;
				GCC_NO_COMMON_BLOCKS = YES;
				GCC_WARN_64_TO_32_BIT_CONVERSION = YES;
				GCC_WARN_ABOUT_RETURN_TYPE = YES_ERROR;
				GCC_WARN_UNDECLARED_SELECTOR = YES;
				GCC_WARN_UNINITIALIZED_AUTOS = YES_AGGRESSIVE;
				GCC_WARN_UNUSED_FUNCTION = YES;
				GCC_WARN_UNUSED_VARIABLE = YES;
				IPHONEOS_DEPLOYMENT_TARGET = 15.0;
				MTL_ENABLE_DEBUG_INFO = NO;
				MTL_FAST_MATH = YES;
				SDKROOT = iphoneos;
				SWIFT_COMPILATION_MODE = wholemodule;
				SWIFT_OPTIMIZATION_LEVEL = "-O";
				VALIDATE_PRODUCT = YES;
			};
			name = Release;
		};
		CE66019628F83F34000EC344 /* Debug */ = {
			isa = XCBuildConfiguration;
			buildSettings = {
				ASSETCATALOG_COMPILER_APPICON_NAME = AppIcon;
				ASSETCATALOG_COMPILER_GLOBAL_ACCENT_COLOR_NAME = AccentColor;
				CLANG_ENABLE_MODULES = YES;
				CODE_SIGN_ENTITLEMENTS = "";
				CODE_SIGN_STYLE = Automatic;
				CURRENT_PROJECT_VERSION = 1;
				DEVELOPMENT_ASSET_PATHS = "\"DebToIPA/Preview Content\"";
				DEVELOPMENT_TEAM = 92S6JX27W2;
				ENABLE_PREVIEWS = YES;
				GENERATE_INFOPLIST_FILE = YES;
				INFOPLIST_FILE = DebToIPA/Info.plist;
				INFOPLIST_KEY_CFBundleDisplayName = DebToIPA;
				INFOPLIST_KEY_LSApplicationCategoryType = "public.app-category.utilities";
				INFOPLIST_KEY_NSPhotoLibraryUsageDescription = "This app requires library permission";
				INFOPLIST_KEY_UIApplicationSceneManifest_Generation = YES;
				INFOPLIST_KEY_UIApplicationSupportsIndirectInputEvents = YES;
				INFOPLIST_KEY_UILaunchScreen_Generation = YES;
				INFOPLIST_KEY_UISupportedInterfaceOrientations_iPad = "UIInterfaceOrientationPortrait UIInterfaceOrientationPortraitUpsideDown UIInterfaceOrientationLandscapeLeft UIInterfaceOrientationLandscapeRight";
				INFOPLIST_KEY_UISupportedInterfaceOrientations_iPhone = "UIInterfaceOrientationPortrait UIInterfaceOrientationLandscapeLeft UIInterfaceOrientationLandscapeRight";
				IPHONEOS_DEPLOYMENT_TARGET = 15.0;
				LD_RUNPATH_SEARCH_PATHS = (
					"$(inherited)",
					"@executable_path/Frameworks",
				);
				MARKETING_VERSION = 1.0.2;
				PRODUCT_BUNDLE_IDENTIFIER = net.sourceloc.DebToIPA;
				PRODUCT_NAME = "$(TARGET_NAME)";
				SWIFT_EMIT_LOC_STRINGS = YES;
				SWIFT_OPTIMIZATION_LEVEL = "-Onone";
				SWIFT_VERSION = 5.0;
				TARGETED_DEVICE_FAMILY = "1,2";
			};
			name = Debug;
		};
		CE66019728F83F34000EC344 /* Release */ = {
			isa = XCBuildConfiguration;
			buildSettings = {
				ASSETCATALOG_COMPILER_APPICON_NAME = AppIcon;
				ASSETCATALOG_COMPILER_GLOBAL_ACCENT_COLOR_NAME = AccentColor;
				CLANG_ENABLE_MODULES = YES;
				CODE_SIGN_ENTITLEMENTS = "";
				CODE_SIGN_STYLE = Automatic;
				CURRENT_PROJECT_VERSION = 1;
				DEVELOPMENT_ASSET_PATHS = "\"DebToIPA/Preview Content\"";
				DEVELOPMENT_TEAM = 92S6JX27W2;
				ENABLE_PREVIEWS = YES;
				GENERATE_INFOPLIST_FILE = YES;
				INFOPLIST_FILE = DebToIPA/Info.plist;
				INFOPLIST_KEY_CFBundleDisplayName = DebToIPA;
				INFOPLIST_KEY_LSApplicationCategoryType = "public.app-category.utilities";
				INFOPLIST_KEY_NSPhotoLibraryUsageDescription = "This app requires library permission";
				INFOPLIST_KEY_UIApplicationSceneManifest_Generation = YES;
				INFOPLIST_KEY_UIApplicationSupportsIndirectInputEvents = YES;
				INFOPLIST_KEY_UILaunchScreen_Generation = YES;
				INFOPLIST_KEY_UISupportedInterfaceOrientations_iPad = "UIInterfaceOrientationPortrait UIInterfaceOrientationPortraitUpsideDown UIInterfaceOrientationLandscapeLeft UIInterfaceOrientationLandscapeRight";
				INFOPLIST_KEY_UISupportedInterfaceOrientations_iPhone = "UIInterfaceOrientationPortrait UIInterfaceOrientationLandscapeLeft UIInterfaceOrientationLandscapeRight";
				IPHONEOS_DEPLOYMENT_TARGET = 15.0;
				LD_RUNPATH_SEARCH_PATHS = (
					"$(inherited)",
					"@executable_path/Frameworks",
				);
				MARKETING_VERSION = 1.0.2;
				PRODUCT_BUNDLE_IDENTIFIER = net.sourceloc.DebToIPA;
				PRODUCT_NAME = "$(TARGET_NAME)";
				SWIFT_EMIT_LOC_STRINGS = YES;
				SWIFT_VERSION = 5.0;
				TARGETED_DEVICE_FAMILY = "1,2";
			};
			name = Release;
		};
/* End XCBuildConfiguration section */

/* Begin XCConfigurationList section */
		CE66018228F83F33000EC344 /* Build configuration list for PBXProject "DebToIPA" */ = {
			isa = XCConfigurationList;
			buildConfigurations = (
				CE66019328F83F34000EC344 /* Debug */,
				CE66019428F83F34000EC344 /* Release */,
			);
			defaultConfigurationIsVisible = 0;
			defaultConfigurationName = Release;
		};
		CE66019528F83F34000EC344 /* Build configuration list for PBXNativeTarget "DebToIPA" */ = {
			isa = XCConfigurationList;
			buildConfigurations = (
				CE66019628F83F34000EC344 /* Debug */,
				CE66019728F83F34000EC344 /* Release */,
			);
			defaultConfigurationIsVisible = 0;
			defaultConfigurationName = Release;
		};
/* End XCConfigurationList section */

/* Begin XCRemoteSwiftPackageReference section */
		CE1D968228F9E781006AC6D2 /* XCRemoteSwiftPackageReference "SWCompression" */ = {
			isa = XCRemoteSwiftPackageReference;
			repositoryURL = "https://github.com/tsolomko/SWCompression";
			requirement = {
				branch = develop;
				kind = branch;
			};
		};
		CE66019828F85705000EC344 /* XCRemoteSwiftPackageReference "ArArchiveKit" */ = {
			isa = XCRemoteSwiftPackageReference;
			repositoryURL = "https://github.com/LebJe/ArArchiveKit";
			requirement = {
				kind = upToNextMajorVersion;
				minimumVersion = 0.3.0;
			};
		};
		CE6AEB4F28F8BD3F00FF43A9 /* XCRemoteSwiftPackageReference "Zip" */ = {
			isa = XCRemoteSwiftPackageReference;
			repositoryURL = "https://github.com/marmelroy/Zip";
			requirement = {
				kind = upToNextMajorVersion;
				minimumVersion = 2.0.0;
			};
		};
/* End XCRemoteSwiftPackageReference section */

/* Begin XCSwiftPackageProductDependency section */
		CE1D968028F9E3D7006AC6D2 /* Zip */ = {
			isa = XCSwiftPackageProductDependency;
			package = CE6AEB4F28F8BD3F00FF43A9 /* XCRemoteSwiftPackageReference "Zip" */;
			productName = Zip;
		};
		CE1D968328F9E781006AC6D2 /* SWCompression */ = {
			isa = XCSwiftPackageProductDependency;
			package = CE1D968228F9E781006AC6D2 /* XCRemoteSwiftPackageReference "SWCompression" */;
			productName = SWCompression;
		};
		CE66019928F85705000EC344 /* ArArchiveKit */ = {
			isa = XCSwiftPackageProductDependency;
			package = CE66019828F85705000EC344 /* XCRemoteSwiftPackageReference "ArArchiveKit" */;
			productName = ArArchiveKit;
		};
/* End XCSwiftPackageProductDependency section */
	};
	rootObject = CE66017F28F83F33000EC344 /* Project object */;
}
