{
  "pins" : [
    {
      "identity" : "ararchivekit",
      "kind" : "remoteSourceControl",
      "location" : "https://github.com/LebJe/ArArchiveKit",
      "state" : {
        "revision" : "ec33ce8bcb0be483e80ed49c95413e64e71e157b",
        "version" : "0.3.0"
      }
    },
    {
      "identity" : "gzipswift",
      "kind" : "remoteSourceControl",
      "location" : "https://github.com/1024jp/GzipSwift",
      "state" : {
        "revision" : "7a7f17761c76a932662ab77028a4329f67d645a4",
        "version" : "5.2.0"
      }
    },
    {
      "identity" : "light-swift-untar",
      "kind" : "remoteSourceControl",
      "location" : "https://github.com/UInt2048/Light-Swift-Untar",
      "state" : {
        "branch" : "main",
        "revision" : "0facd92faa289d38beb0401361557c6d53129788"
      }
    },
    {
      "identity" : "zip",
      "kind" : "remoteSourceControl",
      "location" : "https://github.com/marmelroy/Zip",
      "state" : {
        "revision" : "67fa55813b9e7b3b9acee9c0ae501def28746d76",
        "version" : "2.1.2"
      }
    }
  ],
  "version" : 2
}
