{
  "pins" : [
    {
      "identity" : "ararchivekit",
      "kind" : "remoteSourceControl",
      "location" : "https://github.com/LebJe/ArArchiveKit",
      "state" : {
        "revision" : "ec33ce8bcb0be483e80ed49c95413e64e71e157b",
        "version" : "0.3.0"
      }
    },
    {
      "identity" : "bitbytedata",
      "kind" : "remoteSourceControl",
      "location" : "https://github.com/tsolomko/BitByteData",
      "state" : {
        "revision" : "b4b41619522aacd7aae7b02fa8360833e796a03d",
        "version" : "2.0.2"
      }
    },
    {
      "identity" : "swcompression",
      "kind" : "remoteSourceControl",
      "location" : "https://github.com/tsolomko/SWCompression",
      "state" : {
        "branch" : "develop",
        "revision" : "d0479a19e79246a8f17fb6596675ee8e3ac75c0a"
      }
    },
    {
      "identity" : "zip",
      "kind" : "remoteSourceControl",
      "location" : "https://github.com/marmelroy/Zip",
      "state" : {
        "revision" : "67fa55813b9e7b3b9acee9c0ae501def28746d76",
        "version" : "2.1.2"
      }
    }
  ],
  "version" : 2
}
